
Microsoft Visual Studio Solution File, Format Version 12.00
# Visual Studio Version 17
VisualStudioVersion = 17.5.33516.290
MinimumVisualStudioVersion = 10.0.40219.1
Project("{FAE04EC0-301F-11D3-BF4B-00C04F79EFBC}") = "RestaurantOrderSystem", "RestaurantOrderSystem.csproj", "{1E96D1AC-2C04-4BA0-8036-E8AB65B1A8E2}"
EndProject
Global
	GlobalSection(SolutionConfigurationPlatforms) = preSolution
		Debug|Any CPU = Debug|Any CPU
		Release|Any CPU = Release|Any CPU
	EndGlobalSection
	GlobalSection(ProjectConfigurationPlatforms) = postSolution
		{1E96D1AC-2C04-4BA0-8036-E8AB65B1A8E2}.Debug|Any CPU.ActiveCfg = Debug|Any CPU
		{1E96D1AC-2C04-4BA0-8036-E8AB65B1A8E2}.Debug|Any CPU.Build.0 = Debug|Any CPU
		{1E96D1AC-2C04-4BA0-8036-E8AB65B1A8E2}.Release|Any CPU.ActiveCfg = Release|Any CPU
		{1E96D1AC-2C04-4BA0-8036-E8AB65B1A8E2}.Release|Any CPU.Build.0 = Release|Any CPU
	EndGlobalSection
	GlobalSection(SolutionProperties) = preSolution
		HideSolutionNode = FALSE
	EndGlobalSection
	GlobalSection(ExtensibilityGlobals) = postSolution
		SolutionGuid = {1842E236-E3DF-4629-839B-025D83564FC2}
	EndGlobalSection
EndGlobal
